# This file is @generated by PDM.
# It is not intended for manual editing.

[metadata]
groups = ["default"]
strategy = ["inherit_metadata"]
lock_version = "4.5.0"
content_hash = "sha256:e31cfdfa6a78d94f2bc9c470c10c8554d0ec8dbbaacf735d94d1ab19e1ddeccc"

[[metadata.targets]]
requires_python = "==3.8.*"

[[package]]
name = "antlr4-python3-runtime"
version = "4.13.2"
summary = "ANTLR 4.13.2 runtime for Python 3"
groups = ["default"]
dependencies = [
    "typing; python_version < \"3.5\"",
]
files = [
    {file = "antlr4_python3_runtime-4.13.2-py3-none-any.whl", hash = "sha256:fe3835eb8d33daece0e799090eda89719dbccee7aa39ef94eed3818cafa5a7e8"},
    {file = "antlr4_python3_runtime-4.13.2.tar.gz", hash = "sha256:909b647e1d2fc2b70180ac586df3933e38919c85f98ccc656a96cd3f25ef3916"},
]
